
Microsoft Visual Studio Solution File, Format Version 12.00
# Visual Studio Version 18
VisualStudioVersion = 18.0.11222.15
MinimumVisualStudioVersion = 10.0.40219.1
Project("{2150E333-8FDC-42A3-9474-1A3956D46DE8}") = "WebApps", "WebApps", "{02EA681E-C7D8-13C7-8484-4AC65E1B71E8}"
EndProject
Project("{2150E333-8FDC-42A3-9474-1A3956D46DE8}") = "Services", "Services", "{C11CD401-5DB0-45D1-BC11-B4BDA1E21576}"
EndProject
Project("{2150E333-8FDC-42A3-9474-1A3956D46DE8}") = "Tests", "Tests", "{C0BA8B9E-B81A-4202-8B38-A8276B558D4E}"
EndProject
Project("{2150E333-8FDC-42A3-9474-1A3956D46DE8}") = "BC_Aluno", "BC_Aluno", "{E7EAA628-4B6A-4960-BEB9-E6664C51480D}"
EndProject
Project("{2150E333-8FDC-42A3-9474-1A3956D46DE8}") = "Core", "Core", "{78FDC6B1-5F5A-4A9F-9F99-C1CA090F53C6}"
EndProject
Project("{FAE04EC0-301F-11D3-BF4B-00C04F79EFBC}") = "AcademiaDevExpert.Core", "src\BackEnd\AcademiaDevExpert.Core\AcademiaDevExpert.Core.csproj", "{97ADC14C-A04C-4D78-B7B8-34FCA1B89E45}"
EndProject
Project("{2150E333-8FDC-42A3-9474-1A3956D46DE8}") = "BC_Conteudo", "BC_Conteudo", "{4E46BC88-9E45-4EA0-903B-20DBBFA1F659}"
EndProject
Project("{FAE04EC0-301F-11D3-BF4B-00C04F79EFBC}") = "AcademiaDevExpert.Conteudo.Application", "src\BackEnd\AcademiaDevExpert.Conteudo.Application\AcademiaDevExpert.Conteudo.Application.csproj", "{C825F50A-C0AF-4693-8EEA-938C7183B838}"
EndProject
Project("{FAE04EC0-301F-11D3-BF4B-00C04F79EFBC}") = "AcademiaDevExpert.Conteudo.Domain", "src\BackEnd\AcademiaDevExpert.Conteudo.Domain\AcademiaDevExpert.Conteudo.Domain.csproj", "{F9072629-F0EE-F785-9B9F-219F35C81332}"
EndProject
Project("{FAE04EC0-301F-11D3-BF4B-00C04F79EFBC}") = "AcademiaDevExpert.Conteudo.Data", "src\BackEnd\AcademiaDevExpert.Conteudo.Data\AcademiaDevExpert.Conteudo.Data.csproj", "{D225E49E-46CC-809F-48D2-120961009134}"
EndProject
Project("{FAE04EC0-301F-11D3-BF4B-00C04F79EFBC}") = "AcademiaDevExpert.WebApp.API", "src\BackEnd\AcademiaDevExpert.WebApp.API\AcademiaDevExpert.WebApp.API.csproj", "{3A21CC7F-390A-428E-9792-BC1A01D4B2CD}"
EndProject
Project("{FAE04EC0-301F-11D3-BF4B-00C04F79EFBC}") = "AcademiaDevExpert.Conteudo.Domain.Tests", "Tests\AcademiaDevExpert.Conteudo.Domain.Tests\AcademiaDevExpert.Conteudo.Domain.Tests.csproj", "{B4F65E82-3B8C-4D56-A874-89E028E9E972}"
EndProject
Project("{FAE04EC0-301F-11D3-BF4B-00C04F79EFBC}") = "AcademiaDevExpert.Alunos.Domain", "src\BackEnd\AcademiaDevExpert.Alunos.Domain\AcademiaDevExpert.Alunos.Domain.csproj", "{4D64C116-18A5-8039-A091-B9CDC2D1CABC}"
EndProject
Project("{FAE04EC0-301F-11D3-BF4B-00C04F79EFBC}") = "AcademiaDevExpert.Alunos.Data", "src\BackEnd\AcademiaDevExpert.Alunos.Data\AcademiaDevExpert.Alunos.Data.csproj", "{8B268A88-7E35-9D85-1AE1-95A829681F1B}"
EndProject
Project("{FAE04EC0-301F-11D3-BF4B-00C04F79EFBC}") = "AcademiaDevExpert.Alunos.Application", "src\BackEnd\AcademiaDevExpert.Alunos.Application\AcademiaDevExpert.Alunos.Application.csproj", "{B604EB9F-9808-4867-B5AF-9E539FFCF17D}"
EndProject
Global
	GlobalSection(SolutionConfigurationPlatforms) = preSolution
		Debug|Any CPU = Debug|Any CPU
		Release|Any CPU = Release|Any CPU
	EndGlobalSection
	GlobalSection(ProjectConfigurationPlatforms) = postSolution
		{97ADC14C-A04C-4D78-B7B8-34FCA1B89E45}.Debug|Any CPU.ActiveCfg = Debug|Any CPU
		{97ADC14C-A04C-4D78-B7B8-34FCA1B89E45}.Debug|Any CPU.Build.0 = Debug|Any CPU
		{97ADC14C-A04C-4D78-B7B8-34FCA1B89E45}.Release|Any CPU.ActiveCfg = Release|Any CPU
		{97ADC14C-A04C-4D78-B7B8-34FCA1B89E45}.Release|Any CPU.Build.0 = Release|Any CPU
		{C825F50A-C0AF-4693-8EEA-938C7183B838}.Debug|Any CPU.ActiveCfg = Debug|Any CPU
		{C825F50A-C0AF-4693-8EEA-938C7183B838}.Debug|Any CPU.Build.0 = Debug|Any CPU
		{C825F50A-C0AF-4693-8EEA-938C7183B838}.Release|Any CPU.ActiveCfg = Release|Any CPU
		{C825F50A-C0AF-4693-8EEA-938C7183B838}.Release|Any CPU.Build.0 = Release|Any CPU
		{F9072629-F0EE-F785-9B9F-219F35C81332}.Debug|Any CPU.ActiveCfg = Debug|Any CPU
		{F9072629-F0EE-F785-9B9F-219F35C81332}.Debug|Any CPU.Build.0 = Debug|Any CPU
		{F9072629-F0EE-F785-9B9F-219F35C81332}.Release|Any CPU.ActiveCfg = Release|Any CPU
		{F9072629-F0EE-F785-9B9F-219F35C81332}.Release|Any CPU.Build.0 = Release|Any CPU
		{D225E49E-46CC-809F-48D2-120961009134}.Debug|Any CPU.ActiveCfg = Debug|Any CPU
		{D225E49E-46CC-809F-48D2-120961009134}.Debug|Any CPU.Build.0 = Debug|Any CPU
		{D225E49E-46CC-809F-48D2-120961009134}.Release|Any CPU.ActiveCfg = Release|Any CPU
		{D225E49E-46CC-809F-48D2-120961009134}.Release|Any CPU.Build.0 = Release|Any CPU
		{3A21CC7F-390A-428E-9792-BC1A01D4B2CD}.Debug|Any CPU.ActiveCfg = Debug|Any CPU
		{3A21CC7F-390A-428E-9792-BC1A01D4B2CD}.Debug|Any CPU.Build.0 = Debug|Any CPU
		{3A21CC7F-390A-428E-9792-BC1A01D4B2CD}.Release|Any CPU.ActiveCfg = Release|Any CPU
		{3A21CC7F-390A-428E-9792-BC1A01D4B2CD}.Release|Any CPU.Build.0 = Release|Any CPU
		{B4F65E82-3B8C-4D56-A874-89E028E9E972}.Debug|Any CPU.ActiveCfg = Debug|Any CPU
		{B4F65E82-3B8C-4D56-A874-89E028E9E972}.Debug|Any CPU.Build.0 = Debug|Any CPU
		{B4F65E82-3B8C-4D56-A874-89E028E9E972}.Release|Any CPU.ActiveCfg = Release|Any CPU
		{B4F65E82-3B8C-4D56-A874-89E028E9E972}.Release|Any CPU.Build.0 = Release|Any CPU
		{4D64C116-18A5-8039-A091-B9CDC2D1CABC}.Debug|Any CPU.ActiveCfg = Debug|Any CPU
		{4D64C116-18A5-8039-A091-B9CDC2D1CABC}.Debug|Any CPU.Build.0 = Debug|Any CPU
		{4D64C116-18A5-8039-A091-B9CDC2D1CABC}.Release|Any CPU.ActiveCfg = Release|Any CPU
		{4D64C116-18A5-8039-A091-B9CDC2D1CABC}.Release|Any CPU.Build.0 = Release|Any CPU
		{8B268A88-7E35-9D85-1AE1-95A829681F1B}.Debug|Any CPU.ActiveCfg = Debug|Any CPU
		{8B268A88-7E35-9D85-1AE1-95A829681F1B}.Debug|Any CPU.Build.0 = Debug|Any CPU
		{8B268A88-7E35-9D85-1AE1-95A829681F1B}.Release|Any CPU.ActiveCfg = Release|Any CPU
		{8B268A88-7E35-9D85-1AE1-95A829681F1B}.Release|Any CPU.Build.0 = Release|Any CPU
		{B604EB9F-9808-4867-B5AF-9E539FFCF17D}.Debug|Any CPU.ActiveCfg = Debug|Any CPU
		{B604EB9F-9808-4867-B5AF-9E539FFCF17D}.Debug|Any CPU.Build.0 = Debug|Any CPU
		{B604EB9F-9808-4867-B5AF-9E539FFCF17D}.Release|Any CPU.ActiveCfg = Release|Any CPU
		{B604EB9F-9808-4867-B5AF-9E539FFCF17D}.Release|Any CPU.Build.0 = Release|Any CPU
	EndGlobalSection
	GlobalSection(SolutionProperties) = preSolution
		HideSolutionNode = FALSE
	EndGlobalSection
	GlobalSection(NestedProjects) = preSolution
		{E7EAA628-4B6A-4960-BEB9-E6664C51480D} = {C11CD401-5DB0-45D1-BC11-B4BDA1E21576}
		{78FDC6B1-5F5A-4A9F-9F99-C1CA090F53C6} = {C11CD401-5DB0-45D1-BC11-B4BDA1E21576}
		{97ADC14C-A04C-4D78-B7B8-34FCA1B89E45} = {78FDC6B1-5F5A-4A9F-9F99-C1CA090F53C6}
		{4E46BC88-9E45-4EA0-903B-20DBBFA1F659} = {C11CD401-5DB0-45D1-BC11-B4BDA1E21576}
		{C825F50A-C0AF-4693-8EEA-938C7183B838} = {4E46BC88-9E45-4EA0-903B-20DBBFA1F659}
		{F9072629-F0EE-F785-9B9F-219F35C81332} = {4E46BC88-9E45-4EA0-903B-20DBBFA1F659}
		{D225E49E-46CC-809F-48D2-120961009134} = {4E46BC88-9E45-4EA0-903B-20DBBFA1F659}
		{3A21CC7F-390A-428E-9792-BC1A01D4B2CD} = {02EA681E-C7D8-13C7-8484-4AC65E1B71E8}
		{B4F65E82-3B8C-4D56-A874-89E028E9E972} = {C0BA8B9E-B81A-4202-8B38-A8276B558D4E}
		{4D64C116-18A5-8039-A091-B9CDC2D1CABC} = {E7EAA628-4B6A-4960-BEB9-E6664C51480D}
		{8B268A88-7E35-9D85-1AE1-95A829681F1B} = {E7EAA628-4B6A-4960-BEB9-E6664C51480D}
		{B604EB9F-9808-4867-B5AF-9E539FFCF17D} = {E7EAA628-4B6A-4960-BEB9-E6664C51480D}
	EndGlobalSection
	GlobalSection(ExtensibilityGlobals) = postSolution
		SolutionGuid = {914F78D4-F60F-4970-9293-7FD4A46BAFBF}
	EndGlobalSection
EndGlobal
